
Microsoft Visual Studio Solution File, Format Version 12.00
# Visual Studio Version 17
VisualStudioVersion = 17.3.32825.248
MinimumVisualStudioVersion = 10.0.40219.1
Project("{FAE04EC0-301F-11D3-BF4B-00C04F79EFBC}") = "Bakehouse", "Bakehouse\Bakehouse.csproj", "{F7CAB2E0-F87F-404E-BC12-F50CEF87DB7F}"
EndProject
Global
	GlobalSection(SolutionConfigurationPlatforms) = preSolution
		Debug|Any CPU = Debug|Any CPU
		Release|Any CPU = Release|Any CPU
	EndGlobalSection
	GlobalSection(ProjectConfigurationPlatforms) = postSolution
		{F7CAB2E0-F87F-404E-BC12-F50CEF87DB7F}.Debug|Any CPU.ActiveCfg = Debug|Any CPU
		{F7CAB2E0-F87F-404E-BC12-F50CEF87DB7F}.Debug|Any CPU.Build.0 = Debug|Any CPU
		{F7CAB2E0-F87F-404E-BC12-F50CEF87DB7F}.Release|Any CPU.ActiveCfg = Release|Any CPU
		{F7CAB2E0-F87F-404E-BC12-F50CEF87DB7F}.Release|Any CPU.Build.0 = Release|Any CPU
	EndGlobalSection
	GlobalSection(SolutionProperties) = preSolution
		HideSolutionNode = FALSE
	EndGlobalSection
	GlobalSection(ExtensibilityGlobals) = postSolution
		SolutionGuid = {044B8C45-8DDC-4AAB-9FA4-0CD1204A1E8B}
	EndGlobalSection
EndGlobal
